
Microsoft Visual Studio Solution File, Format Version 12.00
# Visual Studio Version 16
VisualStudioVersion = 16.0.30907.101
MinimumVisualStudioVersion = 10.0.40219.1
Project("{FAE04EC0-301F-11D3-BF4B-00C04F79EFBC}") = "UnitOfWorkAPI", "UnitOfWork\UnitOfWorkAPI.csproj", "{8B15E11D-6D4F-4D92-AAEE-16328E3789B9}"
EndProject
Project("{FAE04EC0-301F-11D3-BF4B-00C04F79EFBC}") = "Core", "Core\Core.csproj", "{75A08E7F-BFA0-4D1A-91A7-084EA8F8F5F6}"
EndProject
Project("{FAE04EC0-301F-11D3-BF4B-00C04F79EFBC}") = "Infra", "Infra\Infra.csproj", "{F35CFC8A-1D9D-43D9-A613-B97C1F8D5FF9}"
EndProject
Global
	GlobalSection(SolutionConfigurationPlatforms) = preSolution
		Debug|Any CPU = Debug|Any CPU
		Release|Any CPU = Release|Any CPU
	EndGlobalSection
	GlobalSection(ProjectConfigurationPlatforms) = postSolution
		{8B15E11D-6D4F-4D92-AAEE-16328E3789B9}.Debug|Any CPU.ActiveCfg = Debug|Any CPU
		{8B15E11D-6D4F-4D92-AAEE-16328E3789B9}.Debug|Any CPU.Build.0 = Debug|Any CPU
		{8B15E11D-6D4F-4D92-AAEE-16328E3789B9}.Release|Any CPU.ActiveCfg = Release|Any CPU
		{8B15E11D-6D4F-4D92-AAEE-16328E3789B9}.Release|Any CPU.Build.0 = Release|Any CPU
		{75A08E7F-BFA0-4D1A-91A7-084EA8F8F5F6}.Debug|Any CPU.ActiveCfg = Debug|Any CPU
		{75A08E7F-BFA0-4D1A-91A7-084EA8F8F5F6}.Debug|Any CPU.Build.0 = Debug|Any CPU
		{75A08E7F-BFA0-4D1A-91A7-084EA8F8F5F6}.Release|Any CPU.ActiveCfg = Release|Any CPU
		{75A08E7F-BFA0-4D1A-91A7-084EA8F8F5F6}.Release|Any CPU.Build.0 = Release|Any CPU
		{F35CFC8A-1D9D-43D9-A613-B97C1F8D5FF9}.Debug|Any CPU.ActiveCfg = Debug|Any CPU
		{F35CFC8A-1D9D-43D9-A613-B97C1F8D5FF9}.Debug|Any CPU.Build.0 = Debug|Any CPU
		{F35CFC8A-1D9D-43D9-A613-B97C1F8D5FF9}.Release|Any CPU.ActiveCfg = Release|Any CPU
		{F35CFC8A-1D9D-43D9-A613-B97C1F8D5FF9}.Release|Any CPU.Build.0 = Release|Any CPU
	EndGlobalSection
	GlobalSection(SolutionProperties) = preSolution
		HideSolutionNode = FALSE
	EndGlobalSection
	GlobalSection(ExtensibilityGlobals) = postSolution
		SolutionGuid = {2308EA41-2CC4-497B-BAAE-54831FA274C9}
	EndGlobalSection
EndGlobal
